
Microsoft Visual Studio Solution File, Format Version 12.00
# Visual Studio Version 17
VisualStudioVersion = 17.4.33213.308
MinimumVisualStudioVersion = 10.0.40219.1
Project("{FAE04EC0-301F-11D3-BF4B-00C04F79EFBC}") = "MaquinaDeDoces", "MaquinaDeDoces\MaquinaDeDoces.csproj", "{48145FDE-CFD8-409E-A211-255914E70784}"
EndProject
Global
	GlobalSection(SolutionConfigurationPlatforms) = preSolution
		Debug|Any CPU = Debug|Any CPU
		Release|Any CPU = Release|Any CPU
	EndGlobalSection
	GlobalSection(ProjectConfigurationPlatforms) = postSolution
		{48145FDE-CFD8-409E-A211-255914E70784}.Debug|Any CPU.ActiveCfg = Debug|Any CPU
		{48145FDE-CFD8-409E-A211-255914E70784}.Debug|Any CPU.Build.0 = Debug|Any CPU
		{48145FDE-CFD8-409E-A211-255914E70784}.Release|Any CPU.ActiveCfg = Release|Any CPU
		{48145FDE-CFD8-409E-A211-255914E70784}.Release|Any CPU.Build.0 = Release|Any CPU
	EndGlobalSection
	GlobalSection(SolutionProperties) = preSolution
		HideSolutionNode = FALSE
	EndGlobalSection
	GlobalSection(ExtensibilityGlobals) = postSolution
		SolutionGuid = {7031512E-3225-4094-AB0D-9A232D2F3A68}
	EndGlobalSection
EndGlobal
